
Microsoft Visual Studio Solution File, Format Version 12.00
# Visual Studio Version 17
VisualStudioVersion = 17.14.36915.13 d17.14
MinimumVisualStudioVersion = 10.0.40219.1
Project("{FAE04EC0-301F-11D3-BF4B-00C04F79EFBC}") = "horse_kurs", "horse_kurs\horse_kurs.csproj", "{8240337D-C53B-4FC8-8E9C-975D3FD5F97D}"
EndProject
Global
	GlobalSection(SolutionConfigurationPlatforms) = preSolution
		Debug|Any CPU = Debug|Any CPU
		Release|Any CPU = Release|Any CPU
	EndGlobalSection
	GlobalSection(ProjectConfigurationPlatforms) = postSolution
		{8240337D-C53B-4FC8-8E9C-975D3FD5F97D}.Debug|Any CPU.ActiveCfg = Debug|Any CPU
		{8240337D-C53B-4FC8-8E9C-975D3FD5F97D}.Debug|Any CPU.Build.0 = Debug|Any CPU
		{8240337D-C53B-4FC8-8E9C-975D3FD5F97D}.Release|Any CPU.ActiveCfg = Release|Any CPU
		{8240337D-C53B-4FC8-8E9C-975D3FD5F97D}.Release|Any CPU.Build.0 = Release|Any CPU
	EndGlobalSection
	GlobalSection(SolutionProperties) = preSolution
		HideSolutionNode = FALSE
	EndGlobalSection
	GlobalSection(ExtensibilityGlobals) = postSolution
		SolutionGuid = {520B2294-9796-4108-997D-29DB077AE555}
	EndGlobalSection
EndGlobal
